// !$*UTF8*$!
{
	archiveVersion = 1;
	classes = {
	};
	objectVersion = 48;
	objects = {

/* Begin PBXBuildFile section */
		04E852F11F92137E00016E13 /* AppDelegate.swift in Sources */ = {isa = PBXBuildFile; fileRef = 04E852F01F92137E00016E13 /* AppDelegate.swift */; };
		04E852F31F92137E00016E13 /* ViewController.swift in Sources */ = {isa = PBXBuildFile; fileRef = 04E852F21F92137E00016E13 /* ViewController.swift */; };
		04E852F91F92137E00016E13 /* StaytunediOS.xcdatamodeld in Sources */ = {isa = PBXBuildFile; fileRef = 04E852F71F92137E00016E13 /* StaytunediOS.xcdatamodeld */; };
		04E852FB1F92137E00016E13 /* Assets.xcassets in Resources */ = {isa = PBXBuildFile; fileRef = 04E852FA1F92137E00016E13 /* Assets.xcassets */; };
		04E852FE1F92137E00016E13 /* LaunchScreen.storyboard in Resources */ = {isa = PBXBuildFile; fileRef = 04E852FC1F92137E00016E13 /* LaunchScreen.storyboard */; };
		04E853091F92137F00016E13 /* StaytunediOSTests.swift in Sources */ = {isa = PBXBuildFile; fileRef = 04E853081F92137F00016E13 /* StaytunediOSTests.swift */; };
		04E853141F92137F00016E13 /* StaytunediOSUITests.swift in Sources */ = {isa = PBXBuildFile; fileRef = 04E853131F92137F00016E13 /* StaytunediOSUITests.swift */; };
		04E853231F94A76B00016E13 /* DesignerOverviewViewController.swift in Sources */ = {isa = PBXBuildFile; fileRef = 04E853221F94A76B00016E13 /* DesignerOverviewViewController.swift */; };
		04E853381F94B51B00016E13 /* ArrayExtension.swift in Sources */ = {isa = PBXBuildFile; fileRef = 04E853251F94B51B00016E13 /* ArrayExtension.swift */; };
		04E853391F94B51B00016E13 /* CollectionExtension.swift in Sources */ = {isa = PBXBuildFile; fileRef = 04E853261F94B51B00016E13 /* CollectionExtension.swift */; };
		04E8533A1F94B51B00016E13 /* DataExtension.swift in Sources */ = {isa = PBXBuildFile; fileRef = 04E853271F94B51B00016E13 /* DataExtension.swift */; };
		04E8533B1F94B51B00016E13 /* DateExtension.swift in Sources */ = {isa = PBXBuildFile; fileRef = 04E853281F94B51B00016E13 /* DateExtension.swift */; };
		04E8533C1F94B51B00016E13 /* DictionaryExtension.swift in Sources */ = {isa = PBXBuildFile; fileRef = 04E853291F94B51B00016E13 /* DictionaryExtension.swift */; };
		04E8533D1F94B51B00016E13 /* NSObejctExtension.swift in Sources */ = {isa = PBXBuildFile; fileRef = 04E8532A1F94B51B00016E13 /* NSObejctExtension.swift */; };
		04E8533E1F94B51B00016E13 /* NumberExtension.swift in Sources */ = {isa = PBXBuildFile; fileRef = 04E8532B1F94B51B00016E13 /* NumberExtension.swift */; };
		04E8533F1F94B51B00016E13 /* Queue.swift in Sources */ = {isa = PBXBuildFile; fileRef = 04E8532C1F94B51B00016E13 /* Queue.swift */; };
		04E853401F94B51B00016E13 /* SDWebImageExtension.swift in Sources */ = {isa = PBXBuildFile; fileRef = 04E8532D1F94B51B00016E13 /* SDWebImageExtension.swift */; };
		04E853411F94B51B00016E13 /* SwiftyJSONExtension.swift in Sources */ = {isa = PBXBuildFile; fileRef = 04E8532E1F94B51B00016E13 /* SwiftyJSONExtension.swift */; };
		04E853421F94B51B00016E13 /* UIAlertControllerExtension.swift in Sources */ = {isa = PBXBuildFile; fileRef = 04E8532F1F94B51B00016E13 /* UIAlertControllerExtension.swift */; };
		04E853431F94B51B00016E13 /* UIApplicationExtension.swift in Sources */ = {isa = PBXBuildFile; fileRef = 04E853301F94B51B00016E13 /* UIApplicationExtension.swift */; };
		04E853441F94B51B00016E13 /* UICollectionViewExtension.swift in Sources */ = {isa = PBXBuildFile; fileRef = 04E853311F94B51B00016E13 /* UICollectionViewExtension.swift */; };
		04E853451F94B51B00016E13 /* UIColorExtension.swift in Sources */ = {isa = PBXBuildFile; fileRef = 04E853321F94B51B00016E13 /* UIColorExtension.swift */; };
		04E853461F94B51B00016E13 /* UIImageExtension.swift in Sources */ = {isa = PBXBuildFile; fileRef = 04E853331F94B51B00016E13 /* UIImageExtension.swift */; };
		04E853471F94B51B00016E13 /* UILabelExtension.swift in Sources */ = {isa = PBXBuildFile; fileRef = 04E853341F94B51B00016E13 /* UILabelExtension.swift */; };
		04E853481F94B51B00016E13 /* UITableViewExtensios.swift in Sources */ = {isa = PBXBuildFile; fileRef = 04E853351F94B51B00016E13 /* UITableViewExtensios.swift */; };
		04E853491F94B51B00016E13 /* UIViewControllerExtension.swift in Sources */ = {isa = PBXBuildFile; fileRef = 04E853361F94B51B00016E13 /* UIViewControllerExtension.swift */; };
		04E8534A1F94B51B00016E13 /* UIViewExtension.swift in Sources */ = {isa = PBXBuildFile; fileRef = 04E853371F94B51B00016E13 /* UIViewExtension.swift */; };
		28294E4A8E2CEF693FE9807F /* Pods_StaytunediOSUITests.framework in Frameworks */ = {isa = PBXBuildFile; fileRef = A21BECADC85E11C87FEAFD78 /* Pods_StaytunediOSUITests.framework */; };
		3ED9E5B2EA528D588B71ACFD /* Pods_StaytunediOS.framework in Frameworks */ = {isa = PBXBuildFile; fileRef = C48BBA4D6838A4F5268B2817 /* Pods_StaytunediOS.framework */; };
		FCA8FB8132A2837719C5185A /* Pods_StaytunediOSTests.framework in Frameworks */ = {isa = PBXBuildFile; fileRef = D540E8917D8DD0A58F8B9997 /* Pods_StaytunediOSTests.framework */; };
/* End PBXBuildFile section */

/* Begin PBXContainerItemProxy section */
		04E853051F92137F00016E13 /* PBXContainerItemProxy */ = {
			isa = PBXContainerItemProxy;
			containerPortal = 04E852E51F92137E00016E13 /* Project object */;
			proxyType = 1;
			remoteGlobalIDString = 04E852EC1F92137E00016E13;
			remoteInfo = StaytunediOS;
		};
		04E853101F92137F00016E13 /* PBXContainerItemProxy */ = {
			isa = PBXContainerItemProxy;
			containerPortal = 04E852E51F92137E00016E13 /* Project object */;
			proxyType = 1;
			remoteGlobalIDString = 04E852EC1F92137E00016E13;
			remoteInfo = StaytunediOS;
		};
/* End PBXContainerItemProxy section */

/* Begin PBXFileReference section */
		04E852ED1F92137E00016E13 /* StaytunediOS.app */ = {isa = PBXFileReference; explicitFileType = wrapper.application; includeInIndex = 0; path = StaytunediOS.app; sourceTree = BUILT_PRODUCTS_DIR; };
		04E852F01F92137E00016E13 /* AppDelegate.swift */ = {isa = PBXFileReference; lastKnownFileType = sourcecode.swift; path = AppDelegate.swift; sourceTree = "<group>"; };
		04E852F21F92137E00016E13 /* ViewController.swift */ = {isa = PBXFileReference; lastKnownFileType = sourcecode.swift; path = ViewController.swift; sourceTree = "<group>"; };
		04E852F81F92137E00016E13 /* StaytunediOS.xcdatamodel */ = {isa = PBXFileReference; lastKnownFileType = wrapper.xcdatamodel; path = StaytunediOS.xcdatamodel; sourceTree = "<group>"; };
		04E852FA1F92137E00016E13 /* Assets.xcassets */ = {isa = PBXFileReference; lastKnownFileType = folder.assetcatalog; path = Assets.xcassets; sourceTree = "<group>"; };
		04E852FD1F92137E00016E13 /* Base */ = {isa = PBXFileReference; lastKnownFileType = file.storyboard; name = Base; path = Base.lproj/LaunchScreen.storyboard; sourceTree = "<group>"; };
		04E852FF1F92137E00016E13 /* Info.plist */ = {isa = PBXFileReference; lastKnownFileType = text.plist.xml; path = Info.plist; sourceTree = "<group>"; };
		04E853041F92137F00016E13 /* StaytunediOSTests.xctest */ = {isa = PBXFileReference; explicitFileType = wrapper.cfbundle; includeInIndex = 0; path = StaytunediOSTests.xctest; sourceTree = BUILT_PRODUCTS_DIR; };
		04E853081F92137F00016E13 /* StaytunediOSTests.swift */ = {isa = PBXFileReference; lastKnownFileType = sourcecode.swift; path = StaytunediOSTests.swift; sourceTree = "<group>"; };
		04E8530A1F92137F00016E13 /* Info.plist */ = {isa = PBXFileReference; lastKnownFileType = text.plist.xml; path = Info.plist; sourceTree = "<group>"; };
		04E8530F1F92137F00016E13 /* StaytunediOSUITests.xctest */ = {isa = PBXFileReference; explicitFileType = wrapper.cfbundle; includeInIndex = 0; path = StaytunediOSUITests.xctest; sourceTree = BUILT_PRODUCTS_DIR; };
		04E853131F92137F00016E13 /* StaytunediOSUITests.swift */ = {isa = PBXFileReference; lastKnownFileType = sourcecode.swift; path = StaytunediOSUITests.swift; sourceTree = "<group>"; };
		04E853151F92137F00016E13 /* Info.plist */ = {isa = PBXFileReference; lastKnownFileType = text.plist.xml; path = Info.plist; sourceTree = "<group>"; };
		04E853221F94A76B00016E13 /* DesignerOverviewViewController.swift */ = {isa = PBXFileReference; lastKnownFileType = sourcecode.swift; path = DesignerOverviewViewController.swift; sourceTree = "<group>"; };
		04E853251F94B51B00016E13 /* ArrayExtension.swift */ = {isa = PBXFileReference; fileEncoding = 4; lastKnownFileType = sourcecode.swift; path = ArrayExtension.swift; sourceTree = "<group>"; };
		04E853261F94B51B00016E13 /* CollectionExtension.swift */ = {isa = PBXFileReference; fileEncoding = 4; lastKnownFileType = sourcecode.swift; path = CollectionExtension.swift; sourceTree = "<group>"; };
		04E853271F94B51B00016E13 /* DataExtension.swift */ = {isa = PBXFileReference; fileEncoding = 4; lastKnownFileType = sourcecode.swift; path = DataExtension.swift; sourceTree = "<group>"; };
		04E853281F94B51B00016E13 /* DateExtension.swift */ = {isa = PBXFileReference; fileEncoding = 4; lastKnownFileType = sourcecode.swift; path = DateExtension.swift; sourceTree = "<group>"; };
		04E853291F94B51B00016E13 /* DictionaryExtension.swift */ = {isa = PBXFileReference; fileEncoding = 4; lastKnownFileType = sourcecode.swift; path = DictionaryExtension.swift; sourceTree = "<group>"; };
		04E8532A1F94B51B00016E13 /* NSObejctExtension.swift */ = {isa = PBXFileReference; fileEncoding = 4; lastKnownFileType = sourcecode.swift; path = NSObejctExtension.swift; sourceTree = "<group>"; };
		04E8532B1F94B51B00016E13 /* NumberExtension.swift */ = {isa = PBXFileReference; fileEncoding = 4; lastKnownFileType = sourcecode.swift; path = NumberExtension.swift; sourceTree = "<group>"; };
		04E8532C1F94B51B00016E13 /* Queue.swift */ = {isa = PBXFileReference; fileEncoding = 4; lastKnownFileType = sourcecode.swift; path = Queue.swift; sourceTree = "<group>"; };
		04E8532D1F94B51B00016E13 /* SDWebImageExtension.swift */ = {isa = PBXFileReference; fileEncoding = 4; lastKnownFileType = sourcecode.swift; path = SDWebImageExtension.swift; sourceTree = "<group>"; };
		04E8532E1F94B51B00016E13 /* SwiftyJSONExtension.swift */ = {isa = PBXFileReference; fileEncoding = 4; lastKnownFileType = sourcecode.swift; path = SwiftyJSONExtension.swift; sourceTree = "<group>"; };
		04E8532F1F94B51B00016E13 /* UIAlertControllerExtension.swift */ = {isa = PBXFileReference; fileEncoding = 4; lastKnownFileType = sourcecode.swift; path = UIAlertControllerExtension.swift; sourceTree = "<group>"; };
		04E853301F94B51B00016E13 /* UIApplicationExtension.swift */ = {isa = PBXFileReference; fileEncoding = 4; lastKnownFileType = sourcecode.swift; path = UIApplicationExtension.swift; sourceTree = "<group>"; };
		04E853311F94B51B00016E13 /* UICollectionViewExtension.swift */ = {isa = PBXFileReference; fileEncoding = 4; lastKnownFileType = sourcecode.swift; path = UICollectionViewExtension.swift; sourceTree = "<group>"; };
		04E853321F94B51B00016E13 /* UIColorExtension.swift */ = {isa = PBXFileReference; fileEncoding = 4; lastKnownFileType = sourcecode.swift; path = UIColorExtension.swift; sourceTree = "<group>"; };
		04E853331F94B51B00016E13 /* UIImageExtension.swift */ = {isa = PBXFileReference; fileEncoding = 4; lastKnownFileType = sourcecode.swift; path = UIImageExtension.swift; sourceTree = "<group>"; };
		04E853341F94B51B00016E13 /* UILabelExtension.swift */ = {isa = PBXFileReference; fileEncoding = 4; lastKnownFileType = sourcecode.swift; path = UILabelExtension.swift; sourceTree = "<group>"; };
		04E853351F94B51B00016E13 /* UITableViewExtensios.swift */ = {isa = PBXFileReference; fileEncoding = 4; lastKnownFileType = sourcecode.swift; path = UITableViewExtensios.swift; sourceTree = "<group>"; };
		04E853361F94B51B00016E13 /* UIViewControllerExtension.swift */ = {isa = PBXFileReference; fileEncoding = 4; lastKnownFileType = sourcecode.swift; path = UIViewControllerExtension.swift; sourceTree = "<group>"; };
		04E853371F94B51B00016E13 /* UIViewExtension.swift */ = {isa = PBXFileReference; fileEncoding = 4; lastKnownFileType = sourcecode.swift; path = UIViewExtension.swift; sourceTree = "<group>"; };
		0D027CD34554E76AE7465BF1 /* Pods-StaytunediOS.release.xcconfig */ = {isa = PBXFileReference; includeInIndex = 1; lastKnownFileType = text.xcconfig; name = "Pods-StaytunediOS.release.xcconfig"; path = "Pods/Target Support Files/Pods-StaytunediOS/Pods-StaytunediOS.release.xcconfig"; sourceTree = "<group>"; };
		233199BC385C6CA1FC7F76E0 /* Pods-StaytunediOSUITests.debug.xcconfig */ = {isa = PBXFileReference; includeInIndex = 1; lastKnownFileType = text.xcconfig; name = "Pods-StaytunediOSUITests.debug.xcconfig"; path = "Pods/Target Support Files/Pods-StaytunediOSUITests/Pods-StaytunediOSUITests.debug.xcconfig"; sourceTree = "<group>"; };
		91CA25F34BA40EE51F180658 /* Pods-StaytunediOSTests.release.xcconfig */ = {isa = PBXFileReference; includeInIndex = 1; lastKnownFileType = text.xcconfig; name = "Pods-StaytunediOSTests.release.xcconfig"; path = "Pods/Target Support Files/Pods-StaytunediOSTests/Pods-StaytunediOSTests.release.xcconfig"; sourceTree = "<group>"; };
		A21BECADC85E11C87FEAFD78 /* Pods_StaytunediOSUITests.framework */ = {isa = PBXFileReference; explicitFileType = wrapper.framework; includeInIndex = 0; path = Pods_StaytunediOSUITests.framework; sourceTree = BUILT_PRODUCTS_DIR; };
		BF76E3481DDCD3DEFFBCD774 /* Pods-StaytunediOSUITests.release.xcconfig */ = {isa = PBXFileReference; includeInIndex = 1; lastKnownFileType = text.xcconfig; name = "Pods-StaytunediOSUITests.release.xcconfig"; path = "Pods/Target Support Files/Pods-StaytunediOSUITests/Pods-StaytunediOSUITests.release.xcconfig"; sourceTree = "<group>"; };
		C48BBA4D6838A4F5268B2817 /* Pods_StaytunediOS.framework */ = {isa = PBXFileReference; explicitFileType = wrapper.framework; includeInIndex = 0; path = Pods_StaytunediOS.framework; sourceTree = BUILT_PRODUCTS_DIR; };
		D540E8917D8DD0A58F8B9997 /* Pods_StaytunediOSTests.framework */ = {isa = PBXFileReference; explicitFileType = wrapper.framework; includeInIndex = 0; path = Pods_StaytunediOSTests.framework; sourceTree = BUILT_PRODUCTS_DIR; };
		DF576F7A3BFDBA3A6980AF6F /* Pods-StaytunediOS.debug.xcconfig */ = {isa = PBXFileReference; includeInIndex = 1; lastKnownFileType = text.xcconfig; name = "Pods-StaytunediOS.debug.xcconfig"; path = "Pods/Target Support Files/Pods-StaytunediOS/Pods-StaytunediOS.debug.xcconfig"; sourceTree = "<group>"; };
		E4C234D89DDD1D47BFB151B4 /* Pods-StaytunediOSTests.debug.xcconfig */ = {isa = PBXFileReference; includeInIndex = 1; lastKnownFileType = text.xcconfig; name = "Pods-StaytunediOSTests.debug.xcconfig"; path = "Pods/Target Support Files/Pods-StaytunediOSTests/Pods-StaytunediOSTests.debug.xcconfig"; sourceTree = "<group>"; };
/* End PBXFileReference section */

/* Begin PBXFrameworksBuildPhase section */
		04E852EA1F92137E00016E13 /* Frameworks */ = {
			isa = PBXFrameworksBuildPhase;
			buildActionMask = 2147483647;
			files = (
				3ED9E5B2EA528D588B71ACFD /* Pods_StaytunediOS.framework in Frameworks */,
			);
			runOnlyForDeploymentPostprocessing = 0;
		};
		04E853011F92137F00016E13 /* Frameworks */ = {
			isa = PBXFrameworksBuildPhase;
			buildActionMask = 2147483647;
			files = (
				FCA8FB8132A2837719C5185A /* Pods_StaytunediOSTests.framework in Frameworks */,
			);
			runOnlyForDeploymentPostprocessing = 0;
		};
		04E8530C1F92137F00016E13 /* Frameworks */ = {
			isa = PBXFrameworksBuildPhase;
			buildActionMask = 2147483647;
			files = (
				28294E4A8E2CEF693FE9807F /* Pods_StaytunediOSUITests.framework in Frameworks */,
			);
			runOnlyForDeploymentPostprocessing = 0;
		};
/* End PBXFrameworksBuildPhase section */

/* Begin PBXGroup section */
		04E852E41F92137E00016E13 = {
			isa = PBXGroup;
			children = (
				04E852EF1F92137E00016E13 /* StaytunediOS */,
				04E853071F92137F00016E13 /* StaytunediOSTests */,
				04E853121F92137F00016E13 /* StaytunediOSUITests */,
				04E852EE1F92137E00016E13 /* Products */,
				E684D6D91219BC1E2D8DDF41 /* Pods */,
				A79CBB622926FED318FC49CA /* Frameworks */,
			);
			sourceTree = "<group>";
		};
		04E852EE1F92137E00016E13 /* Products */ = {
			isa = PBXGroup;
			children = (
				04E852ED1F92137E00016E13 /* StaytunediOS.app */,
				04E853041F92137F00016E13 /* StaytunediOSTests.xctest */,
				04E8530F1F92137F00016E13 /* StaytunediOSUITests.xctest */,
			);
			name = Products;
			sourceTree = "<group>";
		};
		04E852EF1F92137E00016E13 /* StaytunediOS */ = {
			isa = PBXGroup;
			children = (
				04E853241F94B51B00016E13 /* Extensions */,
				04E853211F94A74400016E13 /* DesignerOverview */,
				04E852F01F92137E00016E13 /* AppDelegate.swift */,
				04E852F21F92137E00016E13 /* ViewController.swift */,
				04E852FA1F92137E00016E13 /* Assets.xcassets */,
				04E852FC1F92137E00016E13 /* LaunchScreen.storyboard */,
				04E852FF1F92137E00016E13 /* Info.plist */,
				04E852F71F92137E00016E13 /* StaytunediOS.xcdatamodeld */,
			);
			path = StaytunediOS;
			sourceTree = "<group>";
		};
		04E853071F92137F00016E13 /* StaytunediOSTests */ = {
			isa = PBXGroup;
			children = (
				04E853081F92137F00016E13 /* StaytunediOSTests.swift */,
				04E8530A1F92137F00016E13 /* Info.plist */,
			);
			path = StaytunediOSTests;
			sourceTree = "<group>";
		};
		04E853121F92137F00016E13 /* StaytunediOSUITests */ = {
			isa = PBXGroup;
			children = (
				04E853131F92137F00016E13 /* StaytunediOSUITests.swift */,
				04E853151F92137F00016E13 /* Info.plist */,
			);
			path = StaytunediOSUITests;
			sourceTree = "<group>";
		};
		04E853211F94A74400016E13 /* DesignerOverview */ = {
			isa = PBXGroup;
			children = (
				04E853221F94A76B00016E13 /* DesignerOverviewViewController.swift */,
			);
			path = DesignerOverview;
			sourceTree = "<group>";
		};
		04E853241F94B51B00016E13 /* Extensions */ = {
			isa = PBXGroup;
			children = (
				04E853251F94B51B00016E13 /* ArrayExtension.swift */,
				04E853261F94B51B00016E13 /* CollectionExtension.swift */,
				04E853271F94B51B00016E13 /* DataExtension.swift */,
				04E853281F94B51B00016E13 /* DateExtension.swift */,
				04E853291F94B51B00016E13 /* DictionaryExtension.swift */,
				04E8532A1F94B51B00016E13 /* NSObejctExtension.swift */,
				04E8532B1F94B51B00016E13 /* NumberExtension.swift */,
				04E8532C1F94B51B00016E13 /* Queue.swift */,
				04E8532D1F94B51B00016E13 /* SDWebImageExtension.swift */,
				04E8532E1F94B51B00016E13 /* SwiftyJSONExtension.swift */,
				04E8532F1F94B51B00016E13 /* UIAlertControllerExtension.swift */,
				04E853301F94B51B00016E13 /* UIApplicationExtension.swift */,
				04E853311F94B51B00016E13 /* UICollectionViewExtension.swift */,
				04E853321F94B51B00016E13 /* UIColorExtension.swift */,
				04E853331F94B51B00016E13 /* UIImageExtension.swift */,
				04E853341F94B51B00016E13 /* UILabelExtension.swift */,
				04E853351F94B51B00016E13 /* UITableViewExtensios.swift */,
				04E853361F94B51B00016E13 /* UIViewControllerExtension.swift */,
				04E853371F94B51B00016E13 /* UIViewExtension.swift */,
			);
			path = Extensions;
			sourceTree = "<group>";
		};
		A79CBB622926FED318FC49CA /* Frameworks */ = {
			isa = PBXGroup;
			children = (
				C48BBA4D6838A4F5268B2817 /* Pods_StaytunediOS.framework */,
				D540E8917D8DD0A58F8B9997 /* Pods_StaytunediOSTests.framework */,
				A21BECADC85E11C87FEAFD78 /* Pods_StaytunediOSUITests.framework */,
			);
			name = Frameworks;
			sourceTree = "<group>";
		};
		E684D6D91219BC1E2D8DDF41 /* Pods */ = {
			isa = PBXGroup;
			children = (
				DF576F7A3BFDBA3A6980AF6F /* Pods-StaytunediOS.debug.xcconfig */,
				0D027CD34554E76AE7465BF1 /* Pods-StaytunediOS.release.xcconfig */,
				E4C234D89DDD1D47BFB151B4 /* Pods-StaytunediOSTests.debug.xcconfig */,
				91CA25F34BA40EE51F180658 /* Pods-StaytunediOSTests.release.xcconfig */,
				233199BC385C6CA1FC7F76E0 /* Pods-StaytunediOSUITests.debug.xcconfig */,
				BF76E3481DDCD3DEFFBCD774 /* Pods-StaytunediOSUITests.release.xcconfig */,
			);
			name = Pods;
			sourceTree = "<group>";
		};
/* End PBXGroup section */

/* Begin PBXNativeTarget section */
		04E852EC1F92137E00016E13 /* StaytunediOS */ = {
			isa = PBXNativeTarget;
			buildConfigurationList = 04E853181F92137F00016E13 /* Build configuration list for PBXNativeTarget "StaytunediOS" */;
			buildPhases = (
				8C41472A687EAEEC9ED93F29 /* [CP] Check Pods Manifest.lock */,
				04E852E91F92137E00016E13 /* Sources */,
				04E852EA1F92137E00016E13 /* Frameworks */,
				04E852EB1F92137E00016E13 /* Resources */,
				0122917738C15E8DAF9FB1B5 /* [CP] Embed Pods Frameworks */,
				03C4C9D1C470880B62A69E25 /* [CP] Copy Pods Resources */,
			);
			buildRules = (
			);
			dependencies = (
			);
			name = StaytunediOS;
			productName = StaytunediOS;
			productReference = 04E852ED1F92137E00016E13 /* StaytunediOS.app */;
			productType = "com.apple.product-type.application";
		};
		04E853031F92137F00016E13 /* StaytunediOSTests */ = {
			isa = PBXNativeTarget;
			buildConfigurationList = 04E8531B1F92137F00016E13 /* Build configuration list for PBXNativeTarget "StaytunediOSTests" */;
			buildPhases = (
				976BABEC8089A69272758073 /* [CP] Check Pods Manifest.lock */,
				04E853001F92137F00016E13 /* Sources */,
				04E853011F92137F00016E13 /* Frameworks */,
				04E853021F92137F00016E13 /* Resources */,
				0B9A590CCB2FC92307D55268 /* [CP] Embed Pods Frameworks */,
				D45200BEA71D673B854F9B83 /* [CP] Copy Pods Resources */,
			);
			buildRules = (
			);
			dependencies = (
				04E853061F92137F00016E13 /* PBXTargetDependency */,
			);
			name = StaytunediOSTests;
			productName = StaytunediOSTests;
			productReference = 04E853041F92137F00016E13 /* StaytunediOSTests.xctest */;
			productType = "com.apple.product-type.bundle.unit-test";
		};
		04E8530E1F92137F00016E13 /* StaytunediOSUITests */ = {
			isa = PBXNativeTarget;
			buildConfigurationList = 04E8531E1F92137F00016E13 /* Build configuration list for PBXNativeTarget "StaytunediOSUITests" */;
			buildPhases = (
				492A08DD524D2E1F5CF56783 /* [CP] Check Pods Manifest.lock */,
				04E8530B1F92137F00016E13 /* Sources */,
				04E8530C1F92137F00016E13 /* Frameworks */,
				04E8530D1F92137F00016E13 /* Resources */,
				7826C8CEA5459651967BB17B /* [CP] Embed Pods Frameworks */,
				971B383EA2EC70A16CEB471E /* [CP] Copy Pods Resources */,
			);
			buildRules = (
			);
			dependencies = (
				04E853111F92137F00016E13 /* PBXTargetDependency */,
			);
			name = StaytunediOSUITests;
			productName = StaytunediOSUITests;
			productReference = 04E8530F1F92137F00016E13 /* StaytunediOSUITests.xctest */;
			productType = "com.apple.product-type.bundle.ui-testing";
		};
/* End PBXNativeTarget section */

/* Begin PBXProject section */
		04E852E51F92137E00016E13 /* Project object */ = {
			isa = PBXProject;
			attributes = {
				LastSwiftUpdateCheck = 0900;
				LastUpgradeCheck = 0900;
				ORGANIZATIONNAME = Staytuned.Design;
				TargetAttributes = {
					04E852EC1F92137E00016E13 = {
						CreatedOnToolsVersion = 9.0;
						ProvisioningStyle = Automatic;
					};
					04E853031F92137F00016E13 = {
						CreatedOnToolsVersion = 9.0;
						ProvisioningStyle = Automatic;
						TestTargetID = 04E852EC1F92137E00016E13;
					};
					04E8530E1F92137F00016E13 = {
						CreatedOnToolsVersion = 9.0;
						ProvisioningStyle = Automatic;
						TestTargetID = 04E852EC1F92137E00016E13;
					};
				};
			};
			buildConfigurationList = 04E852E81F92137E00016E13 /* Build configuration list for PBXProject "StaytunediOS" */;
			compatibilityVersion = "Xcode 8.0";
			developmentRegion = en;
			hasScannedForEncodings = 0;
			knownRegions = (
				en,
				Base,
			);
			mainGroup = 04E852E41F92137E00016E13;
			productRefGroup = 04E852EE1F92137E00016E13 /* Products */;
			projectDirPath = "";
			projectRoot = "";
			targets = (
				04E852EC1F92137E00016E13 /* StaytunediOS */,
				04E853031F92137F00016E13 /* StaytunediOSTests */,
				04E8530E1F92137F00016E13 /* StaytunediOSUITests */,
			);
		};
/* End PBXProject section */

/* Begin PBXResourcesBuildPhase section */
		04E852EB1F92137E00016E13 /* Resources */ = {
			isa = PBXResourcesBuildPhase;
			buildActionMask = 2147483647;
			files = (
				04E852FE1F92137E00016E13 /* LaunchScreen.storyboard in Resources */,
				04E852FB1F92137E00016E13 /* Assets.xcassets in Resources */,
			);
			runOnlyForDeploymentPostprocessing = 0;
		};
		04E853021F92137F00016E13 /* Resources */ = {
			isa = PBXResourcesBuildPhase;
			buildActionMask = 2147483647;
			files = (
			);
			runOnlyForDeploymentPostprocessing = 0;
		};
		04E8530D1F92137F00016E13 /* Resources */ = {
			isa = PBXResourcesBuildPhase;
			buildActionMask = 2147483647;
			files = (
			);
			runOnlyForDeploymentPostprocessing = 0;
		};
/* End PBXResourcesBuildPhase section */

/* Begin PBXShellScriptBuildPhase section */
		0122917738C15E8DAF9FB1B5 /* [CP] Embed Pods Frameworks */ = {
			isa = PBXShellScriptBuildPhase;
			buildActionMask = 2147483647;
			files = (
			);
			inputPaths = (
				"${SRCROOT}/Pods/Target Support Files/Pods-StaytunediOS/Pods-StaytunediOS-frameworks.sh",
				"${BUILT_PRODUCTS_DIR}/SnapKit/SnapKit.framework",
			);
			name = "[CP] Embed Pods Frameworks";
			outputPaths = (
				"${TARGET_BUILD_DIR}/${FRAMEWORKS_FOLDER_PATH}/SnapKit.framework",
			);
			runOnlyForDeploymentPostprocessing = 0;
			shellPath = /bin/sh;
			shellScript = "\"${SRCROOT}/Pods/Target Support Files/Pods-StaytunediOS/Pods-StaytunediOS-frameworks.sh\"\n";
			showEnvVarsInLog = 0;
		};
		03C4C9D1C470880B62A69E25 /* [CP] Copy Pods Resources */ = {
			isa = PBXShellScriptBuildPhase;
			buildActionMask = 2147483647;
			files = (
			);
			inputPaths = (
			);
			name = "[CP] Copy Pods Resources";
			outputPaths = (
			);
			runOnlyForDeploymentPostprocessing = 0;
			shellPath = /bin/sh;
			shellScript = "\"${SRCROOT}/Pods/Target Support Files/Pods-StaytunediOS/Pods-StaytunediOS-resources.sh\"\n";
			showEnvVarsInLog = 0;
		};
		0B9A590CCB2FC92307D55268 /* [CP] Embed Pods Frameworks */ = {
			isa = PBXShellScriptBuildPhase;
			buildActionMask = 2147483647;
			files = (
			);
			inputPaths = (
			);
			name = "[CP] Embed Pods Frameworks";
			outputPaths = (
			);
			runOnlyForDeploymentPostprocessing = 0;
			shellPath = /bin/sh;
			shellScript = "\"${SRCROOT}/Pods/Target Support Files/Pods-StaytunediOSTests/Pods-StaytunediOSTests-frameworks.sh\"\n";
			showEnvVarsInLog = 0;
		};
		492A08DD524D2E1F5CF56783 /* [CP] Check Pods Manifest.lock */ = {
			isa = PBXShellScriptBuildPhase;
			buildActionMask = 2147483647;
			files = (
			);
			inputPaths = (
				"${PODS_PODFILE_DIR_PATH}/Podfile.lock",
				"${PODS_ROOT}/Manifest.lock",
			);
			name = "[CP] Check Pods Manifest.lock";
			outputPaths = (
				"$(DERIVED_FILE_DIR)/Pods-StaytunediOSUITests-checkManifestLockResult.txt",
			);
			runOnlyForDeploymentPostprocessing = 0;
			shellPath = /bin/sh;
			shellScript = "diff \"${PODS_PODFILE_DIR_PATH}/Podfile.lock\" \"${PODS_ROOT}/Manifest.lock\" > /dev/null\nif [ $? != 0 ] ; then\n    # print error to STDERR\n    echo \"error: The sandbox is not in sync with the Podfile.lock. Run 'pod install' or update your CocoaPods installation.\" >&2\n    exit 1\nfi\n# This output is used by Xcode 'outputs' to avoid re-running this script phase.\necho \"SUCCESS\" > \"${SCRIPT_OUTPUT_FILE_0}\"\n";
			showEnvVarsInLog = 0;
		};
		7826C8CEA5459651967BB17B /* [CP] Embed Pods Frameworks */ = {
			isa = PBXShellScriptBuildPhase;
			buildActionMask = 2147483647;
			files = (
			);
			inputPaths = (
			);
			name = "[CP] Embed Pods Frameworks";
			outputPaths = (
			);
			runOnlyForDeploymentPostprocessing = 0;
			shellPath = /bin/sh;
			shellScript = "\"${SRCROOT}/Pods/Target Support Files/Pods-StaytunediOSUITests/Pods-StaytunediOSUITests-frameworks.sh\"\n";
			showEnvVarsInLog = 0;
		};
		8C41472A687EAEEC9ED93F29 /* [CP] Check Pods Manifest.lock */ = {
			isa = PBXShellScriptBuildPhase;
			buildActionMask = 2147483647;
			files = (
			);
			inputPaths = (
				"${PODS_PODFILE_DIR_PATH}/Podfile.lock",
				"${PODS_ROOT}/Manifest.lock",
			);
			name = "[CP] Check Pods Manifest.lock";
			outputPaths = (
				"$(DERIVED_FILE_DIR)/Pods-StaytunediOS-checkManifestLockResult.txt",
			);
			runOnlyForDeploymentPostprocessing = 0;
			shellPath = /bin/sh;
			shellScript = "diff \"${PODS_PODFILE_DIR_PATH}/Podfile.lock\" \"${PODS_ROOT}/Manifest.lock\" > /dev/null\nif [ $? != 0 ] ; then\n    # print error to STDERR\n    echo \"error: The sandbox is not in sync with the Podfile.lock. Run 'pod install' or update your CocoaPods installation.\" >&2\n    exit 1\nfi\n# This output is used by Xcode 'outputs' to avoid re-running this script phase.\necho \"SUCCESS\" > \"${SCRIPT_OUTPUT_FILE_0}\"\n";
			showEnvVarsInLog = 0;
		};
		971B383EA2EC70A16CEB471E /* [CP] Copy Pods Resources */ = {
			isa = PBXShellScriptBuildPhase;
			buildActionMask = 2147483647;
			files = (
			);
			inputPaths = (
			);
			name = "[CP] Copy Pods Resources";
			outputPaths = (
			);
			runOnlyForDeploymentPostprocessing = 0;
			shellPath = /bin/sh;
			shellScript = "\"${SRCROOT}/Pods/Target Support Files/Pods-StaytunediOSUITests/Pods-StaytunediOSUITests-resources.sh\"\n";
			showEnvVarsInLog = 0;
		};
		976BABEC8089A69272758073 /* [CP] Check Pods Manifest.lock */ = {
			isa = PBXShellScriptBuildPhase;
			buildActionMask = 2147483647;
			files = (
			);
			inputPaths = (
				"${PODS_PODFILE_DIR_PATH}/Podfile.lock",
				"${PODS_ROOT}/Manifest.lock",
			);
			name = "[CP] Check Pods Manifest.lock";
			outputPaths = (
				"$(DERIVED_FILE_DIR)/Pods-StaytunediOSTests-checkManifestLockResult.txt",
			);
			runOnlyForDeploymentPostprocessing = 0;
			shellPath = /bin/sh;
			shellScript = "diff \"${PODS_PODFILE_DIR_PATH}/Podfile.lock\" \"${PODS_ROOT}/Manifest.lock\" > /dev/null\nif [ $? != 0 ] ; then\n    # print error to STDERR\n    echo \"error: The sandbox is not in sync with the Podfile.lock. Run 'pod install' or update your CocoaPods installation.\" >&2\n    exit 1\nfi\n# This output is used by Xcode 'outputs' to avoid re-running this script phase.\necho \"SUCCESS\" > \"${SCRIPT_OUTPUT_FILE_0}\"\n";
			showEnvVarsInLog = 0;
		};
		D45200BEA71D673B854F9B83 /* [CP] Copy Pods Resources */ = {
			isa = PBXShellScriptBuildPhase;
			buildActionMask = 2147483647;
			files = (
			);
			inputPaths = (
			);
			name = "[CP] Copy Pods Resources";
			outputPaths = (
			);
			runOnlyForDeploymentPostprocessing = 0;
			shellPath = /bin/sh;
			shellScript = "\"${SRCROOT}/Pods/Target Support Files/Pods-StaytunediOSTests/Pods-StaytunediOSTests-resources.sh\"\n";
			showEnvVarsInLog = 0;
		};
/* End PBXShellScriptBuildPhase section */

/* Begin PBXSourcesBuildPhase section */
		04E852E91F92137E00016E13 /* Sources */ = {
			isa = PBXSourcesBuildPhase;
			buildActionMask = 2147483647;
			files = (
				04E8533C1F94B51B00016E13 /* DictionaryExtension.swift in Sources */,
				04E853401F94B51B00016E13 /* SDWebImageExtension.swift in Sources */,
				04E853381F94B51B00016E13 /* ArrayExtension.swift in Sources */,
				04E853411F94B51B00016E13 /* SwiftyJSONExtension.swift in Sources */,
				04E8533B1F94B51B00016E13 /* DateExtension.swift in Sources */,
				04E853451F94B51B00016E13 /* UIColorExtension.swift in Sources */,
				04E8533D1F94B51B00016E13 /* NSObejctExtension.swift in Sources */,
				04E853431F94B51B00016E13 /* UIApplicationExtension.swift in Sources */,
				04E852F31F92137E00016E13 /* ViewController.swift in Sources */,
				04E853441F94B51B00016E13 /* UICollectionViewExtension.swift in Sources */,
				04E852F11F92137E00016E13 /* AppDelegate.swift in Sources */,
				04E8533E1F94B51B00016E13 /* NumberExtension.swift in Sources */,
				04E853471F94B51B00016E13 /* UILabelExtension.swift in Sources */,
				04E8533F1F94B51B00016E13 /* Queue.swift in Sources */,
				04E853461F94B51B00016E13 /* UIImageExtension.swift in Sources */,
				04E853481F94B51B00016E13 /* UITableViewExtensios.swift in Sources */,
				04E853231F94A76B00016E13 /* DesignerOverviewViewController.swift in Sources */,
				04E8533A1F94B51B00016E13 /* DataExtension.swift in Sources */,
				04E852F91F92137E00016E13 /* StaytunediOS.xcdatamodeld in Sources */,
				04E8534A1F94B51B00016E13 /* UIViewExtension.swift in Sources */,
				04E853391F94B51B00016E13 /* CollectionExtension.swift in Sources */,
				04E853491F94B51B00016E13 /* UIViewControllerExtension.swift in Sources */,
				04E853421F94B51B00016E13 /* UIAlertControllerExtension.swift in Sources */,
			);
			runOnlyForDeploymentPostprocessing = 0;
		};
		04E853001F92137F00016E13 /* Sources */ = {
			isa = PBXSourcesBuildPhase;
			buildActionMask = 2147483647;
			files = (
				04E853091F92137F00016E13 /* StaytunediOSTests.swift in Sources */,
			);
			runOnlyForDeploymentPostprocessing = 0;
		};
		04E8530B1F92137F00016E13 /* Sources */ = {
			isa = PBXSourcesBuildPhase;
			buildActionMask = 2147483647;
			files = (
				04E853141F92137F00016E13 /* StaytunediOSUITests.swift in Sources */,
			);
			runOnlyForDeploymentPostprocessing = 0;
		};
/* End PBXSourcesBuildPhase section */

/* Begin PBXTargetDependency section */
		04E853061F92137F00016E13 /* PBXTargetDependency */ = {
			isa = PBXTargetDependency;
			target = 04E852EC1F92137E00016E13 /* StaytunediOS */;
			targetProxy = 04E853051F92137F00016E13 /* PBXContainerItemProxy */;
		};
		04E853111F92137F00016E13 /* PBXTargetDependency */ = {
			isa = PBXTargetDependency;
			target = 04E852EC1F92137E00016E13 /* StaytunediOS */;
			targetProxy = 04E853101F92137F00016E13 /* PBXContainerItemProxy */;
		};
/* End PBXTargetDependency section */

/* Begin PBXVariantGroup section */
		04E852FC1F92137E00016E13 /* LaunchScreen.storyboard */ = {
			isa = PBXVariantGroup;
			children = (
				04E852FD1F92137E00016E13 /* Base */,
			);
			name = LaunchScreen.storyboard;
			sourceTree = "<group>";
		};
/* End PBXVariantGroup section */

/* Begin XCBuildConfiguration section */
		04E853161F92137F00016E13 /* Debug */ = {
			isa = XCBuildConfiguration;
			buildSettings = {
				ALWAYS_SEARCH_USER_PATHS = NO;
				CLANG_ANALYZER_NONNULL = YES;
				CLANG_ANALYZER_NUMBER_OBJECT_CONVERSION = YES_AGGRESSIVE;
				CLANG_CXX_LANGUAGE_STANDARD = "gnu++14";
				CLANG_CXX_LIBRARY = "libc++";
				CLANG_ENABLE_MODULES = YES;
				CLANG_ENABLE_OBJC_ARC = YES;
				CLANG_WARN_BLOCK_CAPTURE_AUTORELEASING = YES;
				CLANG_WARN_BOOL_CONVERSION = YES;
				CLANG_WARN_COMMA = YES;
				CLANG_WARN_CONSTANT_CONVERSION = YES;
				CLANG_WARN_DIRECT_OBJC_ISA_USAGE = YES_ERROR;
				CLANG_WARN_DOCUMENTATION_COMMENTS = YES;
				CLANG_WARN_EMPTY_BODY = YES;
				CLANG_WARN_ENUM_CONVERSION = YES;
				CLANG_WARN_INFINITE_RECURSION = YES;
				CLANG_WARN_INT_CONVERSION = YES;
				CLANG_WARN_NON_LITERAL_NULL_CONVERSION = YES;
				CLANG_WARN_OBJC_LITERAL_CONVERSION = YES;
				CLANG_WARN_OBJC_ROOT_CLASS = YES_ERROR;
				CLANG_WARN_RANGE_LOOP_ANALYSIS = YES;
				CLANG_WARN_STRICT_PROTOTYPES = YES;
				CLANG_WARN_SUSPICIOUS_MOVE = YES;
				CLANG_WARN_UNGUARDED_AVAILABILITY = YES_AGGRESSIVE;
				CLANG_WARN_UNREACHABLE_CODE = YES;
				CLANG_WARN__DUPLICATE_METHOD_MATCH = YES;
				CODE_SIGN_IDENTITY = "iPhone Developer";
				COPY_PHASE_STRIP = NO;
				DEBUG_INFORMATION_FORMAT = dwarf;
				ENABLE_STRICT_OBJC_MSGSEND = YES;
				ENABLE_TESTABILITY = YES;
				GCC_C_LANGUAGE_STANDARD = gnu11;
				GCC_DYNAMIC_NO_PIC = NO;
				GCC_NO_COMMON_BLOCKS = YES;
				GCC_OPTIMIZATION_LEVEL = 0;
				GCC_PREPROCESSOR_DEFINITIONS = (
					"DEBUG=1",
					"$(inherited)",
				);
				GCC_WARN_64_TO_32_BIT_CONVERSION = YES;
				GCC_WARN_ABOUT_RETURN_TYPE = YES_ERROR;
				GCC_WARN_UNDECLARED_SELECTOR = YES;
				GCC_WARN_UNINITIALIZED_AUTOS = YES_AGGRESSIVE;
				GCC_WARN_UNUSED_FUNCTION = YES;
				GCC_WARN_UNUSED_VARIABLE = YES;
				IPHONEOS_DEPLOYMENT_TARGET = 11.0;
				MTL_ENABLE_DEBUG_INFO = YES;
				ONLY_ACTIVE_ARCH = YES;
				SDKROOT = iphoneos;
				SWIFT_ACTIVE_COMPILATION_CONDITIONS = DEBUG;
				SWIFT_OPTIMIZATION_LEVEL = "-Onone";
			};
			name = Debug;
		};
		04E853171F92137F00016E13 /* Release */ = {
			isa = XCBuildConfiguration;
			buildSettings = {
				ALWAYS_SEARCH_USER_PATHS = NO;
				CLANG_ANALYZER_NONNULL = YES;
				CLANG_ANALYZER_NUMBER_OBJECT_CONVERSION = YES_AGGRESSIVE;
				CLANG_CXX_LANGUAGE_STANDARD = "gnu++14";
				CLANG_CXX_LIBRARY = "libc++";
				CLANG_ENABLE_MODULES = YES;
				CLANG_ENABLE_OBJC_ARC = YES;
				CLANG_WARN_BLOCK_CAPTURE_AUTORELEASING = YES;
				CLANG_WARN_BOOL_CONVERSION = YES;
				CLANG_WARN_COMMA = YES;
				CLANG_WARN_CONSTANT_CONVERSION = YES;
				CLANG_WARN_DIRECT_OBJC_ISA_USAGE = YES_ERROR;
				CLANG_WARN_DOCUMENTATION_COMMENTS = YES;
				CLANG_WARN_EMPTY_BODY = YES;
				CLANG_WARN_ENUM_CONVERSION = YES;
				CLANG_WARN_INFINITE_RECURSION = YES;
				CLANG_WARN_INT_CONVERSION = YES;
				CLANG_WARN_NON_LITERAL_NULL_CONVERSION = YES;
				CLANG_WARN_OBJC_LITERAL_CONVERSION = YES;
				CLANG_WARN_OBJC_ROOT_CLASS = YES_ERROR;
				CLANG_WARN_RANGE_LOOP_ANALYSIS = YES;
				CLANG_WARN_STRICT_PROTOTYPES = YES;
				CLANG_WARN_SUSPICIOUS_MOVE = YES;
				CLANG_WARN_UNGUARDED_AVAILABILITY = YES_AGGRESSIVE;
				CLANG_WARN_UNREACHABLE_CODE = YES;
				CLANG_WARN__DUPLICATE_METHOD_MATCH = YES;
				CODE_SIGN_IDENTITY = "iPhone Developer";
				COPY_PHASE_STRIP = NO;
				DEBUG_INFORMATION_FORMAT = "dwarf-with-dsym";
				ENABLE_NS_ASSERTIONS = NO;
				ENABLE_STRICT_OBJC_MSGSEND = YES;
				GCC_C_LANGUAGE_STANDARD = gnu11;
				GCC_NO_COMMON_BLOCKS = YES;
				GCC_WARN_64_TO_32_BIT_CONVERSION = YES;
				GCC_WARN_ABOUT_RETURN_TYPE = YES_ERROR;
				GCC_WARN_UNDECLARED_SELECTOR = YES;
				GCC_WARN_UNINITIALIZED_AUTOS = YES_AGGRESSIVE;
				GCC_WARN_UNUSED_FUNCTION = YES;
				GCC_WARN_UNUSED_VARIABLE = YES;
				IPHONEOS_DEPLOYMENT_TARGET = 11.0;
				MTL_ENABLE_DEBUG_INFO = NO;
				SDKROOT = iphoneos;
				SWIFT_OPTIMIZATION_LEVEL = "-Owholemodule";
				VALIDATE_PRODUCT = YES;
			};
			name = Release;
		};
		04E853191F92137F00016E13 /* Debug */ = {
			isa = XCBuildConfiguration;
			baseConfigurationReference = DF576F7A3BFDBA3A6980AF6F /* Pods-StaytunediOS.debug.xcconfig */;
			buildSettings = {
				ASSETCATALOG_COMPILER_APPICON_NAME = AppIcon;
				CODE_SIGN_STYLE = Automatic;
				DEVELOPMENT_TEAM = VJGEDW5SA9;
				INFOPLIST_FILE = StaytunediOS/Info.plist;
				LD_RUNPATH_SEARCH_PATHS = "$(inherited) @executable_path/Frameworks";
				PRODUCT_BUNDLE_IDENTIFIER = staytuned.design.StaytunediOS;
				PRODUCT_NAME = "$(TARGET_NAME)";
				SWIFT_VERSION = 4.0;
				TARGETED_DEVICE_FAMILY = "1,2";
			};
			name = Debug;
		};
		04E8531A1F92137F00016E13 /* Release */ = {
			isa = XCBuildConfiguration;
			baseConfigurationReference = 0D027CD34554E76AE7465BF1 /* Pods-StaytunediOS.release.xcconfig */;
			buildSettings = {
				ASSETCATALOG_COMPILER_APPICON_NAME = AppIcon;
				CODE_SIGN_STYLE = Automatic;
				DEVELOPMENT_TEAM = VJGEDW5SA9;
				INFOPLIST_FILE = StaytunediOS/Info.plist;
				LD_RUNPATH_SEARCH_PATHS = "$(inherited) @executable_path/Frameworks";
				PRODUCT_BUNDLE_IDENTIFIER = staytuned.design.StaytunediOS;
				PRODUCT_NAME = "$(TARGET_NAME)";
				SWIFT_VERSION = 4.0;
				TARGETED_DEVICE_FAMILY = "1,2";
			};
			name = Release;
		};
		04E8531C1F92137F00016E13 /* Debug */ = {
			isa = XCBuildConfiguration;
			baseConfigurationReference = E4C234D89DDD1D47BFB151B4 /* Pods-StaytunediOSTests.debug.xcconfig */;
			buildSettings = {
				ALWAYS_EMBED_SWIFT_STANDARD_LIBRARIES = YES;
				BUNDLE_LOADER = "$(TEST_HOST)";
				CODE_SIGN_STYLE = Automatic;
				DEVELOPMENT_TEAM = VJGEDW5SA9;
				INFOPLIST_FILE = StaytunediOSTests/Info.plist;
				LD_RUNPATH_SEARCH_PATHS = "$(inherited) @executable_path/Frameworks @loader_path/Frameworks";
				PRODUCT_BUNDLE_IDENTIFIER = staytuned.design.StaytunediOSTests;
				PRODUCT_NAME = "$(TARGET_NAME)";
				SWIFT_VERSION = 4.0;
				TARGETED_DEVICE_FAMILY = "1,2";
				TEST_HOST = "$(BUILT_PRODUCTS_DIR)/StaytunediOS.app/StaytunediOS";
			};
			name = Debug;
		};
		04E8531D1F92137F00016E13 /* Release */ = {
			isa = XCBuildConfiguration;
			baseConfigurationReference = 91CA25F34BA40EE51F180658 /* Pods-StaytunediOSTests.release.xcconfig */;
			buildSettings = {
				ALWAYS_EMBED_SWIFT_STANDARD_LIBRARIES = YES;
				BUNDLE_LOADER = "$(TEST_HOST)";
				CODE_SIGN_STYLE = Automatic;
				DEVELOPMENT_TEAM = VJGEDW5SA9;
				INFOPLIST_FILE = StaytunediOSTests/Info.plist;
				LD_RUNPATH_SEARCH_PATHS = "$(inherited) @executable_path/Frameworks @loader_path/Frameworks";
				PRODUCT_BUNDLE_IDENTIFIER = staytuned.design.StaytunediOSTests;
				PRODUCT_NAME = "$(TARGET_NAME)";
				SWIFT_VERSION = 4.0;
				TARGETED_DEVICE_FAMILY = "1,2";
				TEST_HOST = "$(BUILT_PRODUCTS_DIR)/StaytunediOS.app/StaytunediOS";
			};
			name = Release;
		};
		04E8531F1F92137F00016E13 /* Debug */ = {
			isa = XCBuildConfiguration;
			baseConfigurationReference = 233199BC385C6CA1FC7F76E0 /* Pods-StaytunediOSUITests.debug.xcconfig */;
			buildSettings = {
				ALWAYS_EMBED_SWIFT_STANDARD_LIBRARIES = YES;
				CODE_SIGN_STYLE = Automatic;
				DEVELOPMENT_TEAM = VJGEDW5SA9;
				INFOPLIST_FILE = StaytunediOSUITests/Info.plist;
				LD_RUNPATH_SEARCH_PATHS = "$(inherited) @executable_path/Frameworks @loader_path/Frameworks";
				PRODUCT_BUNDLE_IDENTIFIER = staytuned.design.StaytunediOSUITests;
				PRODUCT_NAME = "$(TARGET_NAME)";
				SWIFT_VERSION = 4.0;
				TARGETED_DEVICE_FAMILY = "1,2";
				TEST_TARGET_NAME = StaytunediOS;
			};
			name = Debug;
		};
		04E853201F92137F00016E13 /* Release */ = {
			isa = XCBuildConfiguration;
			baseConfigurationReference = BF76E3481DDCD3DEFFBCD774 /* Pods-StaytunediOSUITests.release.xcconfig */;
			buildSettings = {
				ALWAYS_EMBED_SWIFT_STANDARD_LIBRARIES = YES;
				CODE_SIGN_STYLE = Automatic;
				DEVELOPMENT_TEAM = VJGEDW5SA9;
				INFOPLIST_FILE = StaytunediOSUITests/Info.plist;
				LD_RUNPATH_SEARCH_PATHS = "$(inherited) @executable_path/Frameworks @loader_path/Frameworks";
				PRODUCT_BUNDLE_IDENTIFIER = staytuned.design.StaytunediOSUITests;
				PRODUCT_NAME = "$(TARGET_NAME)";
				SWIFT_VERSION = 4.0;
				TARGETED_DEVICE_FAMILY = "1,2";
				TEST_TARGET_NAME = StaytunediOS;
			};
			name = Release;
		};
/* End XCBuildConfiguration section */

/* Begin XCConfigurationList section */
		04E852E81F92137E00016E13 /* Build configuration list for PBXProject "StaytunediOS" */ = {
			isa = XCConfigurationList;
			buildConfigurations = (
				04E853161F92137F00016E13 /* Debug */,
				04E853171F92137F00016E13 /* Release */,
			);
			defaultConfigurationIsVisible = 0;
			defaultConfigurationName = Release;
		};
		04E853181F92137F00016E13 /* Build configuration list for PBXNativeTarget "StaytunediOS" */ = {
			isa = XCConfigurationList;
			buildConfigurations = (
				04E853191F92137F00016E13 /* Debug */,
				04E8531A1F92137F00016E13 /* Release */,
			);
			defaultConfigurationIsVisible = 0;
			defaultConfigurationName = Release;
		};
		04E8531B1F92137F00016E13 /* Build configuration list for PBXNativeTarget "StaytunediOSTests" */ = {
			isa = XCConfigurationList;
			buildConfigurations = (
				04E8531C1F92137F00016E13 /* Debug */,
				04E8531D1F92137F00016E13 /* Release */,
			);
			defaultConfigurationIsVisible = 0;
			defaultConfigurationName = Release;
		};
		04E8531E1F92137F00016E13 /* Build configuration list for PBXNativeTarget "StaytunediOSUITests" */ = {
			isa = XCConfigurationList;
			buildConfigurations = (
				04E8531F1F92137F00016E13 /* Debug */,
				04E853201F92137F00016E13 /* Release */,
			);
			defaultConfigurationIsVisible = 0;
			defaultConfigurationName = Release;
		};
/* End XCConfigurationList section */

/* Begin XCVersionGroup section */
		04E852F71F92137E00016E13 /* StaytunediOS.xcdatamodeld */ = {
			isa = XCVersionGroup;
			children = (
				04E852F81F92137E00016E13 /* StaytunediOS.xcdatamodel */,
			);
			currentVersion = 04E852F81F92137E00016E13 /* StaytunediOS.xcdatamodel */;
			path = StaytunediOS.xcdatamodeld;
			sourceTree = "<group>";
			versionGroupType = wrapper.xcdatamodel;
		};
/* End XCVersionGroup section */
	};
	rootObject = 04E852E51F92137E00016E13 /* Project object */;
}
